// !$*UTF8*$!
{
	archiveVersion = 1;
	classes = {
	};
	objectVersion = 56;
	objects = {

/* Begin PBXBuildFile section */
		0197B7302A703EBA00993A56 /* NotificationManager.swift in Sources */ = {isa = PBXBuildFile; fileRef = 0197B72F2A703EBA00993A56 /* NotificationManager.swift */; };
		0197B7322A7041FB00993A56 /* ThresholdNotifier.swift in Sources */ = {isa = PBXBuildFile; fileRef = 0197B7312A7041FB00993A56 /* ThresholdNotifier.swift */; };
		6D043BFC29F64D18006E69DF /* UserNotifications.framework in Frameworks */ = {isa = PBXBuildFile; fileRef = 6D043BFB29F64D18006E69DF /* UserNotifications.framework */; };
		6D24D4E729E5C0460033E211 /* mainMenuView.swift in Sources */ = {isa = PBXBuildFile; fileRef = 6D24D4E629E5C0450033E211 /* mainMenuView.swift */; };
		6D24D4EE29E5C1D10033E211 /* betterView.swift in Sources */ = {isa = PBXBuildFile; fileRef = 6D24D4E929E5C1D10033E211 /* betterView.swift */; };
		6D24D4EF29E5C1D10033E211 /* finishView.swift in Sources */ = {isa = PBXBuildFile; fileRef = 6D24D4EA29E5C1D10033E211 /* finishView.swift */; };
		6D24D4F029E5C1D10033E211 /* interventionView.swift in Sources */ = {isa = PBXBuildFile; fileRef = 6D24D4EB29E5C1D10033E211 /* interventionView.swift */; };
		6D24D4F129E5C1D10033E211 /* WriteViewModel.swift in Sources */ = {isa = PBXBuildFile; fileRef = 6D24D4EC29E5C1D10033E211 /* WriteViewModel.swift */; };
		6D24D4F229E5C1D10033E211 /* rewardsView.swift in Sources */ = {isa = PBXBuildFile; fileRef = 6D24D4ED29E5C1D10033E211 /* rewardsView.swift */; };
		6D24D51529E5CC290033E211 /* deepBreathingView.swift in Sources */ = {isa = PBXBuildFile; fileRef = 6D24D51429E5CC290033E211 /* deepBreathingView.swift */; };
		6D24D51929E5CCDA0033E211 /* drinkView.swift in Sources */ = {isa = PBXBuildFile; fileRef = 6D24D51829E5CCDA0033E211 /* drinkView.swift */; };
		6D24D51B29E5CD300033E211 /* gameView.swift in Sources */ = {isa = PBXBuildFile; fileRef = 6D24D51A29E5CD300033E211 /* gameView.swift */; };
		6D24D51D29E5CE390033E211 /* happyPictureView.swift in Sources */ = {isa = PBXBuildFile; fileRef = 6D24D51C29E5CE390033E211 /* happyPictureView.swift */; };
		6D24D51F29E5CE490033E211 /* JournalView.swift in Sources */ = {isa = PBXBuildFile; fileRef = 6D24D51E29E5CE490033E211 /* JournalView.swift */; };
		6D24D52129E5CE570033E211 /* MusicView.swift in Sources */ = {isa = PBXBuildFile; fileRef = 6D24D52029E5CE570033E211 /* MusicView.swift */; };
		6D24D52329E5CE610033E211 /* ReadView.swift in Sources */ = {isa = PBXBuildFile; fileRef = 6D24D52229E5CE610033E211 /* ReadView.swift */; };
		6D24D52529E5CE760033E211 /* TalkView.swift in Sources */ = {isa = PBXBuildFile; fileRef = 6D24D52429E5CE760033E211 /* TalkView.swift */; };
		6D24D52729E5CE7F0033E211 /* WalkView.swift in Sources */ = {isa = PBXBuildFile; fileRef = 6D24D52629E5CE7F0033E211 /* WalkView.swift */; };
		6D90A2F729E59ADD00BEDB07 /* FirebaseDatabase in Frameworks */ = {isa = PBXBuildFile; productRef = 6D90A2F629E59ADD00BEDB07 /* FirebaseDatabase */; };
		6D90A2F929E59ADD00BEDB07 /* FirebaseDatabaseSwift in Frameworks */ = {isa = PBXBuildFile; productRef = 6D90A2F829E59ADD00BEDB07 /* FirebaseDatabaseSwift */; };
		6D90A2FB29E59D5B00BEDB07 /* GoogleService-Info.plist in Resources */ = {isa = PBXBuildFile; fileRef = 6D90A2FA29E59D5A00BEDB07 /* GoogleService-Info.plist */; };
		6DA3BBCD29EF1686002B2D2B /* UserNotifications.framework in Frameworks */ = {isa = PBXBuildFile; fileRef = 6DA3BBCC29EF1685002B2D2B /* UserNotifications.framework */; };
		6DAF3B3A29DC887F00CD9C96 /* Welli_iOSApp.swift in Sources */ = {isa = PBXBuildFile; fileRef = 6DAF3B3929DC887F00CD9C96 /* Welli_iOSApp.swift */; };
		6DAF3B3C29DC887F00CD9C96 /* ContentView.swift in Sources */ = {isa = PBXBuildFile; fileRef = 6DAF3B3B29DC887F00CD9C96 /* ContentView.swift */; };
		6DAF3B3E29DC888200CD9C96 /* Assets.xcassets in Resources */ = {isa = PBXBuildFile; fileRef = 6DAF3B3D29DC888200CD9C96 /* Assets.xcassets */; };
		6DAF3B4129DC888200CD9C96 /* Preview Assets.xcassets in Resources */ = {isa = PBXBuildFile; fileRef = 6DAF3B4029DC888200CD9C96 /* Preview Assets.xcassets */; };
		6DAF3B4B29DC888200CD9C96 /* Welli_iOSTests.swift in Sources */ = {isa = PBXBuildFile; fileRef = 6DAF3B4A29DC888200CD9C96 /* Welli_iOSTests.swift */; };
		6DAF3B5529DC888200CD9C96 /* Welli_iOSUITests.swift in Sources */ = {isa = PBXBuildFile; fileRef = 6DAF3B5429DC888200CD9C96 /* Welli_iOSUITests.swift */; };
		6DAF3B5729DC888200CD9C96 /* Welli_iOSUITestsLaunchTests.swift in Sources */ = {isa = PBXBuildFile; fileRef = 6DAF3B5629DC888200CD9C96 /* Welli_iOSUITestsLaunchTests.swift */; };
		6DAF3B5D29DC888200CD9C96 /* Welli-iOS Watch App.app in Embed Watch Content */ = {isa = PBXBuildFile; fileRef = 6DAF3B5C29DC888200CD9C96 /* Welli-iOS Watch App.app */; settings = {ATTRIBUTES = (RemoveHeadersOnCopy, ); }; };
		6DAF3B6229DC888200CD9C96 /* Welli_iOSApp.swift in Sources */ = {isa = PBXBuildFile; fileRef = 6DAF3B6129DC888200CD9C96 /* Welli_iOSApp.swift */; };
		6DAF3B6629DC888200CD9C96 /* Assets.xcassets in Resources */ = {isa = PBXBuildFile; fileRef = 6DAF3B6529DC888200CD9C96 /* Assets.xcassets */; };
		6DAF3B6929DC888200CD9C96 /* Preview Assets.xcassets in Resources */ = {isa = PBXBuildFile; fileRef = 6DAF3B6829DC888200CD9C96 /* Preview Assets.xcassets */; };
		6DAF3B7329DC888300CD9C96 /* Welli_iOS_Watch_AppTests.swift in Sources */ = {isa = PBXBuildFile; fileRef = 6DAF3B7229DC888300CD9C96 /* Welli_iOS_Watch_AppTests.swift */; };
		6DAF3B7D29DC888300CD9C96 /* Welli_iOS_Watch_AppUITests.swift in Sources */ = {isa = PBXBuildFile; fileRef = 6DAF3B7C29DC888300CD9C96 /* Welli_iOS_Watch_AppUITests.swift */; };
		6DAF3B7F29DC888300CD9C96 /* Welli_iOS_Watch_AppUITestsLaunchTests.swift in Sources */ = {isa = PBXBuildFile; fileRef = 6DAF3B7E29DC888300CD9C96 /* Welli_iOS_Watch_AppUITestsLaunchTests.swift */; };
		6DAF3B9B29DCAEB400CD9C96 /* WatchConnector.swift in Sources */ = {isa = PBXBuildFile; fileRef = 6DAF3B9A29DCAEB300CD9C96 /* WatchConnector.swift */; };
		6DAF3BF229E4632100CD9C96 /* WatchConnectivity.framework in Frameworks */ = {isa = PBXBuildFile; fileRef = 6DAF3BF129E4632100CD9C96 /* WatchConnectivity.framework */; };
		6DAF3BF429E4632E00CD9C96 /* WatchConnectivity.framework in Frameworks */ = {isa = PBXBuildFile; fileRef = 6DAF3BF329E4632E00CD9C96 /* WatchConnectivity.framework */; };
		6DC52F7F2A5CA79C00F2DB37 /* HeartRateMonitor.swift in Sources */ = {isa = PBXBuildFile; fileRef = 6DC52F7E2A5CA79C00F2DB37 /* HeartRateMonitor.swift */; };
		6DC52F812A5CAFFD00F2DB37 /* ExtensionDelegate.swift in Sources */ = {isa = PBXBuildFile; fileRef = 6DC52F802A5CAFFD00F2DB37 /* ExtensionDelegate.swift */; };
		6DC52F832A5D9B7E00F2DB37 /* AppDelegate.swift in Sources */ = {isa = PBXBuildFile; fileRef = 6DC52F822A5D9B7E00F2DB37 /* AppDelegate.swift */; };
		6DC52F872A5D9D6000F2DB37 /* HeartRateDataManager.swift in Sources */ = {isa = PBXBuildFile; fileRef = 6DC52F842A5D9CEF00F2DB37 /* HeartRateDataManager.swift */; };
		6DDAA2A22A411F980070BCC8 /* HealthKit.framework in Frameworks */ = {isa = PBXBuildFile; fileRef = 6DDAA2A12A411F980070BCC8 /* HealthKit.framework */; };
		6DDAA2A42A411F9F0070BCC8 /* HealthKitUI.framework in Frameworks */ = {isa = PBXBuildFile; fileRef = 6DDAA2A32A411F9F0070BCC8 /* HealthKitUI.framework */; };
/* End PBXBuildFile section */

/* Begin PBXContainerItemProxy section */
		6DAF3B4729DC888200CD9C96 /* PBXContainerItemProxy */ = {
			isa = PBXContainerItemProxy;
			containerPortal = 6DAF3B2E29DC887F00CD9C96 /* Project object */;
			proxyType = 1;
			remoteGlobalIDString = 6DAF3B3529DC887F00CD9C96;
			remoteInfo = "Welli-iOS";
		};
		6DAF3B5129DC888200CD9C96 /* PBXContainerItemProxy */ = {
			isa = PBXContainerItemProxy;
			containerPortal = 6DAF3B2E29DC887F00CD9C96 /* Project object */;
			proxyType = 1;
			remoteGlobalIDString = 6DAF3B3529DC887F00CD9C96;
			remoteInfo = "Welli-iOS";
		};
		6DAF3B5E29DC888200CD9C96 /* PBXContainerItemProxy */ = {
			isa = PBXContainerItemProxy;
			containerPortal = 6DAF3B2E29DC887F00CD9C96 /* Project object */;
			proxyType = 1;
			remoteGlobalIDString = 6DAF3B5B29DC888200CD9C96;
			remoteInfo = "Welli-iOS Watch App";
		};
		6DAF3B6F29DC888300CD9C96 /* PBXContainerItemProxy */ = {
			isa = PBXContainerItemProxy;
			containerPortal = 6DAF3B2E29DC887F00CD9C96 /* Project object */;
			proxyType = 1;
			remoteGlobalIDString = 6DAF3B5B29DC888200CD9C96;
			remoteInfo = "Welli-iOS Watch App";
		};
		6DAF3B7929DC888300CD9C96 /* PBXContainerItemProxy */ = {
			isa = PBXContainerItemProxy;
			containerPortal = 6DAF3B2E29DC887F00CD9C96 /* Project object */;
			proxyType = 1;
			remoteGlobalIDString = 6DAF3B5B29DC888200CD9C96;
			remoteInfo = "Welli-iOS Watch App";
		};
/* End PBXContainerItemProxy section */

/* Begin PBXCopyFilesBuildPhase section */
		6DAF3B8529DC888300CD9C96 /* Embed Watch Content */ = {
			isa = PBXCopyFilesBuildPhase;
			buildActionMask = 2147483647;
			dstPath = "$(CONTENTS_FOLDER_PATH)/Watch";
			dstSubfolderSpec = 16;
			files = (
				6DAF3B5D29DC888200CD9C96 /* Welli-iOS Watch App.app in Embed Watch Content */,
			);
			name = "Embed Watch Content";
			runOnlyForDeploymentPostprocessing = 0;
		};
/* End PBXCopyFilesBuildPhase section */

/* Begin PBXFileReference section */
		0197B72F2A703EBA00993A56 /* NotificationManager.swift */ = {isa = PBXFileReference; lastKnownFileType = sourcecode.swift; path = NotificationManager.swift; sourceTree = "<group>"; };
		0197B7312A7041FB00993A56 /* ThresholdNotifier.swift */ = {isa = PBXFileReference; lastKnownFileType = sourcecode.swift; path = ThresholdNotifier.swift; sourceTree = "<group>"; };
		6D043BFA29F63E38006E69DF /* Welli-iOS.entitlements */ = {isa = PBXFileReference; lastKnownFileType = text.plist.entitlements; path = "Welli-iOS.entitlements"; sourceTree = "<group>"; };
		6D043BFB29F64D18006E69DF /* UserNotifications.framework */ = {isa = PBXFileReference; lastKnownFileType = wrapper.framework; name = UserNotifications.framework; path = Platforms/iPhoneOS.platform/Developer/SDKs/iPhoneOS16.4.sdk/System/Library/Frameworks/UserNotifications.framework; sourceTree = DEVELOPER_DIR; };
		6D24D4E629E5C0450033E211 /* mainMenuView.swift */ = {isa = PBXFileReference; fileEncoding = 4; lastKnownFileType = sourcecode.swift; path = mainMenuView.swift; sourceTree = "<group>"; };
		6D24D4E929E5C1D10033E211 /* betterView.swift */ = {isa = PBXFileReference; fileEncoding = 4; lastKnownFileType = sourcecode.swift; name = betterView.swift; path = "Welli-iOS Watch App/betterView.swift"; sourceTree = SOURCE_ROOT; };
		6D24D4EA29E5C1D10033E211 /* finishView.swift */ = {isa = PBXFileReference; fileEncoding = 4; lastKnownFileType = sourcecode.swift; name = finishView.swift; path = "Welli-iOS Watch App/finishView.swift"; sourceTree = SOURCE_ROOT; };
		6D24D4EB29E5C1D10033E211 /* interventionView.swift */ = {isa = PBXFileReference; fileEncoding = 4; lastKnownFileType = sourcecode.swift; name = interventionView.swift; path = "Welli-iOS Watch App/interventionView.swift"; sourceTree = SOURCE_ROOT; };
		6D24D4EC29E5C1D10033E211 /* WriteViewModel.swift */ = {isa = PBXFileReference; fileEncoding = 4; lastKnownFileType = sourcecode.swift; name = WriteViewModel.swift; path = "Welli-iOS Watch App/WriteViewModel.swift"; sourceTree = SOURCE_ROOT; };
		6D24D4ED29E5C1D10033E211 /* rewardsView.swift */ = {isa = PBXFileReference; fileEncoding = 4; lastKnownFileType = sourcecode.swift; name = rewardsView.swift; path = "Welli-iOS Watch App/rewardsView.swift"; sourceTree = SOURCE_ROOT; };
		6D24D51429E5CC290033E211 /* deepBreathingView.swift */ = {isa = PBXFileReference; lastKnownFileType = sourcecode.swift; path = deepBreathingView.swift; sourceTree = "<group>"; };
		6D24D51829E5CCDA0033E211 /* drinkView.swift */ = {isa = PBXFileReference; lastKnownFileType = sourcecode.swift; path = drinkView.swift; sourceTree = "<group>"; };
		6D24D51A29E5CD300033E211 /* gameView.swift */ = {isa = PBXFileReference; lastKnownFileType = sourcecode.swift; path = gameView.swift; sourceTree = "<group>"; };
		6D24D51C29E5CE390033E211 /* happyPictureView.swift */ = {isa = PBXFileReference; lastKnownFileType = sourcecode.swift; path = happyPictureView.swift; sourceTree = "<group>"; };
		6D24D51E29E5CE490033E211 /* JournalView.swift */ = {isa = PBXFileReference; lastKnownFileType = sourcecode.swift; path = JournalView.swift; sourceTree = "<group>"; };
		6D24D52029E5CE570033E211 /* MusicView.swift */ = {isa = PBXFileReference; lastKnownFileType = sourcecode.swift; path = MusicView.swift; sourceTree = "<group>"; };
		6D24D52229E5CE610033E211 /* ReadView.swift */ = {isa = PBXFileReference; lastKnownFileType = sourcecode.swift; path = ReadView.swift; sourceTree = "<group>"; };
		6D24D52429E5CE760033E211 /* TalkView.swift */ = {isa = PBXFileReference; lastKnownFileType = sourcecode.swift; path = TalkView.swift; sourceTree = "<group>"; };
		6D24D52629E5CE7F0033E211 /* WalkView.swift */ = {isa = PBXFileReference; lastKnownFileType = sourcecode.swift; path = WalkView.swift; sourceTree = "<group>"; };
		6D90A2FA29E59D5A00BEDB07 /* GoogleService-Info.plist */ = {isa = PBXFileReference; fileEncoding = 4; lastKnownFileType = text.plist.xml; path = "GoogleService-Info.plist"; sourceTree = "<group>"; };
		6DA3BBCC29EF1685002B2D2B /* UserNotifications.framework */ = {isa = PBXFileReference; lastKnownFileType = wrapper.framework; name = UserNotifications.framework; path = Platforms/WatchOS.platform/Developer/SDKs/WatchOS9.1.sdk/System/Library/Frameworks/UserNotifications.framework; sourceTree = DEVELOPER_DIR; };
		6DA4B6BD29E7401E002A7D3C /* ImageIO.framework */ = {isa = PBXFileReference; lastKnownFileType = wrapper.framework; name = ImageIO.framework; path = Platforms/WatchOS.platform/Developer/SDKs/WatchOS9.1.sdk/System/Library/Frameworks/ImageIO.framework; sourceTree = DEVELOPER_DIR; };
		6DA4B6C429E78321002A7D3C /* AVKit.framework */ = {isa = PBXFileReference; lastKnownFileType = wrapper.framework; name = AVKit.framework; path = Platforms/WatchOS.platform/Developer/SDKs/WatchOS9.1.sdk/System/Library/Frameworks/AVKit.framework; sourceTree = DEVELOPER_DIR; };
		6DA4B6C629E783F9002A7D3C /* AVKit.framework */ = {isa = PBXFileReference; lastKnownFileType = wrapper.framework; name = AVKit.framework; path = Platforms/iPhoneOS.platform/Developer/SDKs/iPhoneOS16.2.sdk/System/Library/Frameworks/AVKit.framework; sourceTree = DEVELOPER_DIR; };
		6DA4B6C829E7D571002A7D3C /* Welli-iOS-Watch-App-Info.plist */ = {isa = PBXFileReference; lastKnownFileType = text.plist; path = "Welli-iOS-Watch-App-Info.plist"; sourceTree = SOURCE_ROOT; };
		6DA597432A289D6A0057076C /* CoreData.framework */ = {isa = PBXFileReference; lastKnownFileType = wrapper.framework; name = CoreData.framework; path = Platforms/WatchOS.platform/Developer/SDKs/WatchOS9.4.sdk/System/Library/Frameworks/CoreData.framework; sourceTree = DEVELOPER_DIR; };
		6DAF3B3629DC887F00CD9C96 /* Welli-iOS.app */ = {isa = PBXFileReference; explicitFileType = wrapper.application; includeInIndex = 0; path = "Welli-iOS.app"; sourceTree = BUILT_PRODUCTS_DIR; };
		6DAF3B3929DC887F00CD9C96 /* Welli_iOSApp.swift */ = {isa = PBXFileReference; lastKnownFileType = sourcecode.swift; path = Welli_iOSApp.swift; sourceTree = "<group>"; };
		6DAF3B3B29DC887F00CD9C96 /* ContentView.swift */ = {isa = PBXFileReference; lastKnownFileType = sourcecode.swift; path = ContentView.swift; sourceTree = "<group>"; };
		6DAF3B3D29DC888200CD9C96 /* Assets.xcassets */ = {isa = PBXFileReference; lastKnownFileType = folder.assetcatalog; path = Assets.xcassets; sourceTree = "<group>"; };
		6DAF3B4029DC888200CD9C96 /* Preview Assets.xcassets */ = {isa = PBXFileReference; lastKnownFileType = folder.assetcatalog; path = "Preview Assets.xcassets"; sourceTree = "<group>"; };
		6DAF3B4629DC888200CD9C96 /* Welli-iOSTests.xctest */ = {isa = PBXFileReference; explicitFileType = wrapper.cfbundle; includeInIndex = 0; path = "Welli-iOSTests.xctest"; sourceTree = BUILT_PRODUCTS_DIR; };
		6DAF3B4A29DC888200CD9C96 /* Welli_iOSTests.swift */ = {isa = PBXFileReference; lastKnownFileType = sourcecode.swift; path = Welli_iOSTests.swift; sourceTree = "<group>"; };
		6DAF3B5029DC888200CD9C96 /* Welli-iOSUITests.xctest */ = {isa = PBXFileReference; explicitFileType = wrapper.cfbundle; includeInIndex = 0; path = "Welli-iOSUITests.xctest"; sourceTree = BUILT_PRODUCTS_DIR; };
		6DAF3B5429DC888200CD9C96 /* Welli_iOSUITests.swift */ = {isa = PBXFileReference; lastKnownFileType = sourcecode.swift; path = Welli_iOSUITests.swift; sourceTree = "<group>"; };
		6DAF3B5629DC888200CD9C96 /* Welli_iOSUITestsLaunchTests.swift */ = {isa = PBXFileReference; lastKnownFileType = sourcecode.swift; path = Welli_iOSUITestsLaunchTests.swift; sourceTree = "<group>"; };
		6DAF3B5C29DC888200CD9C96 /* Welli-iOS Watch App.app */ = {isa = PBXFileReference; explicitFileType = wrapper.application; includeInIndex = 0; path = "Welli-iOS Watch App.app"; sourceTree = BUILT_PRODUCTS_DIR; };
		6DAF3B6129DC888200CD9C96 /* Welli_iOSApp.swift */ = {isa = PBXFileReference; lastKnownFileType = sourcecode.swift; path = Welli_iOSApp.swift; sourceTree = "<group>"; };
		6DAF3B6529DC888200CD9C96 /* Assets.xcassets */ = {isa = PBXFileReference; lastKnownFileType = folder.assetcatalog; path = Assets.xcassets; sourceTree = "<group>"; };
		6DAF3B6829DC888200CD9C96 /* Preview Assets.xcassets */ = {isa = PBXFileReference; lastKnownFileType = folder.assetcatalog; path = "Preview Assets.xcassets"; sourceTree = "<group>"; };
		6DAF3B6E29DC888300CD9C96 /* Welli-iOS Watch AppTests.xctest */ = {isa = PBXFileReference; explicitFileType = wrapper.cfbundle; includeInIndex = 0; path = "Welli-iOS Watch AppTests.xctest"; sourceTree = BUILT_PRODUCTS_DIR; };
		6DAF3B7229DC888300CD9C96 /* Welli_iOS_Watch_AppTests.swift */ = {isa = PBXFileReference; lastKnownFileType = sourcecode.swift; path = Welli_iOS_Watch_AppTests.swift; sourceTree = "<group>"; };
		6DAF3B7829DC888300CD9C96 /* Welli-iOS Watch AppUITests.xctest */ = {isa = PBXFileReference; explicitFileType = wrapper.cfbundle; includeInIndex = 0; path = "Welli-iOS Watch AppUITests.xctest"; sourceTree = BUILT_PRODUCTS_DIR; };
		6DAF3B7C29DC888300CD9C96 /* Welli_iOS_Watch_AppUITests.swift */ = {isa = PBXFileReference; lastKnownFileType = sourcecode.swift; path = Welli_iOS_Watch_AppUITests.swift; sourceTree = "<group>"; };
		6DAF3B7E29DC888300CD9C96 /* Welli_iOS_Watch_AppUITestsLaunchTests.swift */ = {isa = PBXFileReference; lastKnownFileType = sourcecode.swift; path = Welli_iOS_Watch_AppUITestsLaunchTests.swift; sourceTree = "<group>"; };
		6DAF3B9529DC88CB00CD9C96 /* Welli-iOS Watch App.entitlements */ = {isa = PBXFileReference; lastKnownFileType = text.plist.entitlements; path = "Welli-iOS Watch App.entitlements"; sourceTree = "<group>"; };
		6DAF3B9A29DCAEB300CD9C96 /* WatchConnector.swift */ = {isa = PBXFileReference; lastKnownFileType = sourcecode.swift; path = WatchConnector.swift; sourceTree = "<group>"; };
		6DAF3BEF29E45DD000CD9C96 /* WatchKit.framework */ = {isa = PBXFileReference; lastKnownFileType = wrapper.framework; name = WatchKit.framework; path = Platforms/WatchOS.platform/Developer/SDKs/WatchOS9.1.sdk/System/Library/Frameworks/WatchKit.framework; sourceTree = DEVELOPER_DIR; };
		6DAF3BF129E4632100CD9C96 /* WatchConnectivity.framework */ = {isa = PBXFileReference; lastKnownFileType = wrapper.framework; name = WatchConnectivity.framework; path = Platforms/iPhoneOS.platform/Developer/SDKs/iPhoneOS16.2.sdk/System/Library/Frameworks/WatchConnectivity.framework; sourceTree = DEVELOPER_DIR; };
		6DAF3BF329E4632E00CD9C96 /* WatchConnectivity.framework */ = {isa = PBXFileReference; lastKnownFileType = wrapper.framework; name = WatchConnectivity.framework; path = Platforms/WatchOS.platform/Developer/SDKs/WatchOS9.1.sdk/System/Library/Frameworks/WatchConnectivity.framework; sourceTree = DEVELOPER_DIR; };
		6DAF3BF829E4645700CD9C96 /* Info.plist */ = {isa = PBXFileReference; lastKnownFileType = text.plist; path = Info.plist; sourceTree = "<group>"; };
		6DC52F7E2A5CA79C00F2DB37 /* HeartRateMonitor.swift */ = {isa = PBXFileReference; lastKnownFileType = sourcecode.swift; path = HeartRateMonitor.swift; sourceTree = "<group>"; };
		6DC52F802A5CAFFD00F2DB37 /* ExtensionDelegate.swift */ = {isa = PBXFileReference; lastKnownFileType = sourcecode.swift; path = ExtensionDelegate.swift; sourceTree = "<group>"; };
		6DC52F822A5D9B7E00F2DB37 /* AppDelegate.swift */ = {isa = PBXFileReference; lastKnownFileType = sourcecode.swift; path = AppDelegate.swift; sourceTree = "<group>"; };
		6DC52F842A5D9CEF00F2DB37 /* HeartRateDataManager.swift */ = {isa = PBXFileReference; lastKnownFileType = sourcecode.swift; path = HeartRateDataManager.swift; sourceTree = "<group>"; };
		6DDAA2A12A411F980070BCC8 /* HealthKit.framework */ = {isa = PBXFileReference; lastKnownFileType = wrapper.framework; name = HealthKit.framework; path = Platforms/iPhoneOS.platform/Developer/SDKs/iPhoneOS16.4.sdk/System/Library/Frameworks/HealthKit.framework; sourceTree = DEVELOPER_DIR; };
		6DDAA2A32A411F9F0070BCC8 /* HealthKitUI.framework */ = {isa = PBXFileReference; lastKnownFileType = wrapper.framework; name = HealthKitUI.framework; path = Platforms/iPhoneOS.platform/Developer/SDKs/iPhoneOS16.4.sdk/System/Library/Frameworks/HealthKitUI.framework; sourceTree = DEVELOPER_DIR; };
/* End PBXFileReference section */

/* Begin PBXFrameworksBuildPhase section */
		6DAF3B3329DC887F00CD9C96 /* Frameworks */ = {
			isa = PBXFrameworksBuildPhase;
			buildActionMask = 2147483647;
			files = (
				6D043BFC29F64D18006E69DF /* UserNotifications.framework in Frameworks */,
				6D90A2F929E59ADD00BEDB07 /* FirebaseDatabaseSwift in Frameworks */,
				6D90A2F729E59ADD00BEDB07 /* FirebaseDatabase in Frameworks */,
				6DAF3BF229E4632100CD9C96 /* WatchConnectivity.framework in Frameworks */,
				6DDAA2A22A411F980070BCC8 /* HealthKit.framework in Frameworks */,
				6DDAA2A42A411F9F0070BCC8 /* HealthKitUI.framework in Frameworks */,
			);
			runOnlyForDeploymentPostprocessing = 0;
		};
		6DAF3B4329DC888200CD9C96 /* Frameworks */ = {
			isa = PBXFrameworksBuildPhase;
			buildActionMask = 2147483647;
			files = (
			);
			runOnlyForDeploymentPostprocessing = 0;
		};
		6DAF3B4D29DC888200CD9C96 /* Frameworks */ = {
			isa = PBXFrameworksBuildPhase;
			buildActionMask = 2147483647;
			files = (
			);
			runOnlyForDeploymentPostprocessing = 0;
		};
		6DAF3B5929DC888200CD9C96 /* Frameworks */ = {
			isa = PBXFrameworksBuildPhase;
			buildActionMask = 2147483647;
			files = (
				6DA3BBCD29EF1686002B2D2B /* UserNotifications.framework in Frameworks */,
				6DAF3BF429E4632E00CD9C96 /* WatchConnectivity.framework in Frameworks */,
			);
			runOnlyForDeploymentPostprocessing = 0;
		};
		6DAF3B6B29DC888300CD9C96 /* Frameworks */ = {
			isa = PBXFrameworksBuildPhase;
			buildActionMask = 2147483647;
			files = (
			);
			runOnlyForDeploymentPostprocessing = 0;
		};
		6DAF3B7529DC888300CD9C96 /* Frameworks */ = {
			isa = PBXFrameworksBuildPhase;
			buildActionMask = 2147483647;
			files = (
			);
			runOnlyForDeploymentPostprocessing = 0;
		};
/* End PBXFrameworksBuildPhase section */

/* Begin PBXGroup section */
		6D24D4E829E5C1080033E211 /* Views */ = {
			isa = PBXGroup;
			children = (
				6D24D51329E5CBF70033E211 /* activity views */,
				6D24D4E629E5C0450033E211 /* mainMenuView.swift */,
				6D24D4EB29E5C1D10033E211 /* interventionView.swift */,
				6D24D4EA29E5C1D10033E211 /* finishView.swift */,
				6D24D4E929E5C1D10033E211 /* betterView.swift */,
				6D24D4ED29E5C1D10033E211 /* rewardsView.swift */,
			);
			path = Views;
			sourceTree = "<group>";
		};
		6D24D51329E5CBF70033E211 /* activity views */ = {
			isa = PBXGroup;
			children = (
				6D24D51429E5CC290033E211 /* deepBreathingView.swift */,
				6D24D51829E5CCDA0033E211 /* drinkView.swift */,
				6D24D52629E5CE7F0033E211 /* WalkView.swift */,
				6D24D51E29E5CE490033E211 /* JournalView.swift */,
				6D24D52229E5CE610033E211 /* ReadView.swift */,
				6D24D51A29E5CD300033E211 /* gameView.swift */,
				6D24D52029E5CE570033E211 /* MusicView.swift */,
				6D24D52429E5CE760033E211 /* TalkView.swift */,
				6D24D51C29E5CE390033E211 /* happyPictureView.swift */,
			);
			path = "activity views";
			sourceTree = "<group>";
		};
		6DAF3B2D29DC887F00CD9C96 = {
			isa = PBXGroup;
			children = (
				6D90A2FA29E59D5A00BEDB07 /* GoogleService-Info.plist */,
				6DAF3B3829DC887F00CD9C96 /* Welli-iOS */,
				6DAF3B4929DC888200CD9C96 /* Welli-iOSTests */,
				6DAF3B5329DC888200CD9C96 /* Welli-iOSUITests */,
				6DAF3B6029DC888200CD9C96 /* Welli-iOS Watch App */,
				6DAF3B7129DC888300CD9C96 /* Welli-iOS Watch AppTests */,
				6DAF3B7B29DC888300CD9C96 /* Welli-iOS Watch AppUITests */,
				6DAF3B3729DC887F00CD9C96 /* Products */,
				6DAF3BEE29E45DCF00CD9C96 /* Frameworks */,
			);
			sourceTree = "<group>";
		};
		6DAF3B3729DC887F00CD9C96 /* Products */ = {
			isa = PBXGroup;
			children = (
				6DAF3B3629DC887F00CD9C96 /* Welli-iOS.app */,
				6DAF3B4629DC888200CD9C96 /* Welli-iOSTests.xctest */,
				6DAF3B5029DC888200CD9C96 /* Welli-iOSUITests.xctest */,
				6DAF3B5C29DC888200CD9C96 /* Welli-iOS Watch App.app */,
				6DAF3B6E29DC888300CD9C96 /* Welli-iOS Watch AppTests.xctest */,
				6DAF3B7829DC888300CD9C96 /* Welli-iOS Watch AppUITests.xctest */,
			);
			name = Products;
			sourceTree = "<group>";
		};
		6DAF3B3829DC887F00CD9C96 /* Welli-iOS */ = {
			isa = PBXGroup;
			children = (
				6D043BFA29F63E38006E69DF /* Welli-iOS.entitlements */,
				6DAF3BF829E4645700CD9C96 /* Info.plist */,
				6DAF3B3929DC887F00CD9C96 /* Welli_iOSApp.swift */,
				6DC52F822A5D9B7E00F2DB37 /* AppDelegate.swift */,
				6DAF3B3B29DC887F00CD9C96 /* ContentView.swift */,
				6DAF3B9A29DCAEB300CD9C96 /* WatchConnector.swift */,
				6DC52F842A5D9CEF00F2DB37 /* HeartRateDataManager.swift */,
				0197B7312A7041FB00993A56 /* ThresholdNotifier.swift */,
				0197B72F2A703EBA00993A56 /* NotificationManager.swift */,
				6DAF3B3D29DC888200CD9C96 /* Assets.xcassets */,
				6DAF3B3F29DC888200CD9C96 /* Preview Content */,
			);
			path = "Welli-iOS";
			sourceTree = "<group>";
		};
		6DAF3B3F29DC888200CD9C96 /* Preview Content */ = {
			isa = PBXGroup;
			children = (
				6DAF3B4029DC888200CD9C96 /* Preview Assets.xcassets */,
			);
			path = "Preview Content";
			sourceTree = "<group>";
		};
		6DAF3B4929DC888200CD9C96 /* Welli-iOSTests */ = {
			isa = PBXGroup;
			children = (
				6DAF3B4A29DC888200CD9C96 /* Welli_iOSTests.swift */,
			);
			path = "Welli-iOSTests";
			sourceTree = "<group>";
		};
		6DAF3B5329DC888200CD9C96 /* Welli-iOSUITests */ = {
			isa = PBXGroup;
			children = (
				6DAF3B5429DC888200CD9C96 /* Welli_iOSUITests.swift */,
				6DAF3B5629DC888200CD9C96 /* Welli_iOSUITestsLaunchTests.swift */,
			);
			path = "Welli-iOSUITests";
			sourceTree = "<group>";
		};
		6DAF3B6029DC888200CD9C96 /* Welli-iOS Watch App */ = {
			isa = PBXGroup;
			children = (
				6DA4B6C829E7D571002A7D3C /* Welli-iOS-Watch-App-Info.plist */,
				6DAF3B6129DC888200CD9C96 /* Welli_iOSApp.swift */,
				6D24D4EC29E5C1D10033E211 /* WriteViewModel.swift */,
				6DC52F7E2A5CA79C00F2DB37 /* HeartRateMonitor.swift */,
				6DC52F802A5CAFFD00F2DB37 /* ExtensionDelegate.swift */,
				6D24D4E829E5C1080033E211 /* Views */,
				6DAF3B9529DC88CB00CD9C96 /* Welli-iOS Watch App.entitlements */,
				6DAF3B6529DC888200CD9C96 /* Assets.xcassets */,
				6DAF3B6729DC888200CD9C96 /* Preview Content */,
			);
			path = "Welli-iOS Watch App";
			sourceTree = "<group>";
		};
		6DAF3B6729DC888200CD9C96 /* Preview Content */ = {
			isa = PBXGroup;
			children = (
				6DAF3B6829DC888200CD9C96 /* Preview Assets.xcassets */,
			);
			path = "Preview Content";
			sourceTree = "<group>";
		};
		6DAF3B7129DC888300CD9C96 /* Welli-iOS Watch AppTests */ = {
			isa = PBXGroup;
			children = (
				6DAF3B7229DC888300CD9C96 /* Welli_iOS_Watch_AppTests.swift */,
			);
			path = "Welli-iOS Watch AppTests";
			sourceTree = "<group>";
		};
		6DAF3B7B29DC888300CD9C96 /* Welli-iOS Watch AppUITests */ = {
			isa = PBXGroup;
			children = (
				6DAF3B7C29DC888300CD9C96 /* Welli_iOS_Watch_AppUITests.swift */,
				6DAF3B7E29DC888300CD9C96 /* Welli_iOS_Watch_AppUITestsLaunchTests.swift */,
			);
			path = "Welli-iOS Watch AppUITests";
			sourceTree = "<group>";
		};
		6DAF3BEE29E45DCF00CD9C96 /* Frameworks */ = {
			isa = PBXGroup;
			children = (
				6DDAA2A32A411F9F0070BCC8 /* HealthKitUI.framework */,
				6DDAA2A12A411F980070BCC8 /* HealthKit.framework */,
				6DA597432A289D6A0057076C /* CoreData.framework */,
				6DA3BBCC29EF1685002B2D2B /* UserNotifications.framework */,
				6D043BFB29F64D18006E69DF /* UserNotifications.framework */,
				6DA4B6C429E78321002A7D3C /* AVKit.framework */,
				6DA4B6C629E783F9002A7D3C /* AVKit.framework */,
				6DA4B6BD29E7401E002A7D3C /* ImageIO.framework */,
				6DAF3BF129E4632100CD9C96 /* WatchConnectivity.framework */,
				6DAF3BF329E4632E00CD9C96 /* WatchConnectivity.framework */,
				6DAF3BEF29E45DD000CD9C96 /* WatchKit.framework */,
			);
			name = Frameworks;
			sourceTree = "<group>";
		};
/* End PBXGroup section */

/* Begin PBXNativeTarget section */
		6DAF3B3529DC887F00CD9C96 /* Welli-iOS */ = {
			isa = PBXNativeTarget;
			buildConfigurationList = 6DAF3B8629DC888300CD9C96 /* Build configuration list for PBXNativeTarget "Welli-iOS" */;
			buildPhases = (
				6DAF3B3229DC887F00CD9C96 /* Sources */,
				6DAF3B3329DC887F00CD9C96 /* Frameworks */,
				6DAF3B3429DC887F00CD9C96 /* Resources */,
				6DAF3B8529DC888300CD9C96 /* Embed Watch Content */,
			);
			buildRules = (
			);
			dependencies = (
				6DAF3B5F29DC888200CD9C96 /* PBXTargetDependency */,
			);
			name = "Welli-iOS";
			packageProductDependencies = (
				6D90A2F629E59ADD00BEDB07 /* FirebaseDatabase */,
				6D90A2F829E59ADD00BEDB07 /* FirebaseDatabaseSwift */,
			);
			productName = "Welli-iOS";
			productReference = 6DAF3B3629DC887F00CD9C96 /* Welli-iOS.app */;
			productType = "com.apple.product-type.application";
		};
		6DAF3B4529DC888200CD9C96 /* Welli-iOSTests */ = {
			isa = PBXNativeTarget;
			buildConfigurationList = 6DAF3B8929DC888300CD9C96 /* Build configuration list for PBXNativeTarget "Welli-iOSTests" */;
			buildPhases = (
				6DAF3B4229DC888200CD9C96 /* Sources */,
				6DAF3B4329DC888200CD9C96 /* Frameworks */,
				6DAF3B4429DC888200CD9C96 /* Resources */,
			);
			buildRules = (
			);
			dependencies = (
				6DAF3B4829DC888200CD9C96 /* PBXTargetDependency */,
			);
			name = "Welli-iOSTests";
			productName = "Welli-iOSTests";
			productReference = 6DAF3B4629DC888200CD9C96 /* Welli-iOSTests.xctest */;
			productType = "com.apple.product-type.bundle.unit-test";
		};
		6DAF3B4F29DC888200CD9C96 /* Welli-iOSUITests */ = {
			isa = PBXNativeTarget;
			buildConfigurationList = 6DAF3B8C29DC888300CD9C96 /* Build configuration list for PBXNativeTarget "Welli-iOSUITests" */;
			buildPhases = (
				6DAF3B4C29DC888200CD9C96 /* Sources */,
				6DAF3B4D29DC888200CD9C96 /* Frameworks */,
				6DAF3B4E29DC888200CD9C96 /* Resources */,
			);
			buildRules = (
			);
			dependencies = (
				6DAF3B5229DC888200CD9C96 /* PBXTargetDependency */,
			);
			name = "Welli-iOSUITests";
			productName = "Welli-iOSUITests";
			productReference = 6DAF3B5029DC888200CD9C96 /* Welli-iOSUITests.xctest */;
			productType = "com.apple.product-type.bundle.ui-testing";
		};
		6DAF3B5B29DC888200CD9C96 /* Welli-iOS Watch App */ = {
			isa = PBXNativeTarget;
			buildConfigurationList = 6DAF3B8229DC888300CD9C96 /* Build configuration list for PBXNativeTarget "Welli-iOS Watch App" */;
			buildPhases = (
				6DAF3B5829DC888200CD9C96 /* Sources */,
				6DAF3B5929DC888200CD9C96 /* Frameworks */,
				6DAF3B5A29DC888200CD9C96 /* Resources */,
			);
			buildRules = (
			);
			dependencies = (
			);
			name = "Welli-iOS Watch App";
			packageProductDependencies = (
			);
			productName = "Welli-iOS Watch App";
			productReference = 6DAF3B5C29DC888200CD9C96 /* Welli-iOS Watch App.app */;
			productType = "com.apple.product-type.application";
		};
		6DAF3B6D29DC888300CD9C96 /* Welli-iOS Watch AppTests */ = {
			isa = PBXNativeTarget;
			buildConfigurationList = 6DAF3B8F29DC888300CD9C96 /* Build configuration list for PBXNativeTarget "Welli-iOS Watch AppTests" */;
			buildPhases = (
				6DAF3B6A29DC888300CD9C96 /* Sources */,
				6DAF3B6B29DC888300CD9C96 /* Frameworks */,
				6DAF3B6C29DC888300CD9C96 /* Resources */,
			);
			buildRules = (
			);
			dependencies = (
				6DAF3B7029DC888300CD9C96 /* PBXTargetDependency */,
			);
			name = "Welli-iOS Watch AppTests";
			productName = "Welli-iOS Watch AppTests";
			productReference = 6DAF3B6E29DC888300CD9C96 /* Welli-iOS Watch AppTests.xctest */;
			productType = "com.apple.product-type.bundle.unit-test";
		};
		6DAF3B7729DC888300CD9C96 /* Welli-iOS Watch AppUITests */ = {
			isa = PBXNativeTarget;
			buildConfigurationList = 6DAF3B9229DC888300CD9C96 /* Build configuration list for PBXNativeTarget "Welli-iOS Watch AppUITests" */;
			buildPhases = (
				6DAF3B7429DC888300CD9C96 /* Sources */,
				6DAF3B7529DC888300CD9C96 /* Frameworks */,
				6DAF3B7629DC888300CD9C96 /* Resources */,
			);
			buildRules = (
			);
			dependencies = (
				6DAF3B7A29DC888300CD9C96 /* PBXTargetDependency */,
			);
			name = "Welli-iOS Watch AppUITests";
			productName = "Welli-iOS Watch AppUITests";
			productReference = 6DAF3B7829DC888300CD9C96 /* Welli-iOS Watch AppUITests.xctest */;
			productType = "com.apple.product-type.bundle.ui-testing";
		};
/* End PBXNativeTarget section */

/* Begin PBXProject section */
		6DAF3B2E29DC887F00CD9C96 /* Project object */ = {
			isa = PBXProject;
			attributes = {
				BuildIndependentTargetsInParallel = 1;
				LastSwiftUpdateCheck = 1420;
				LastUpgradeCheck = 1420;
				TargetAttributes = {
					6DAF3B3529DC887F00CD9C96 = {
						CreatedOnToolsVersion = 14.2;
					};
					6DAF3B4529DC888200CD9C96 = {
						CreatedOnToolsVersion = 14.2;
						TestTargetID = 6DAF3B3529DC887F00CD9C96;
					};
					6DAF3B4F29DC888200CD9C96 = {
						CreatedOnToolsVersion = 14.2;
						TestTargetID = 6DAF3B3529DC887F00CD9C96;
					};
					6DAF3B5B29DC888200CD9C96 = {
						CreatedOnToolsVersion = 14.2;
					};
					6DAF3B6D29DC888300CD9C96 = {
						CreatedOnToolsVersion = 14.2;
						TestTargetID = 6DAF3B5B29DC888200CD9C96;
					};
					6DAF3B7729DC888300CD9C96 = {
						CreatedOnToolsVersion = 14.2;
						TestTargetID = 6DAF3B5B29DC888200CD9C96;
					};
				};
			};
			buildConfigurationList = 6DAF3B3129DC887F00CD9C96 /* Build configuration list for PBXProject "Welli-iOS" */;
			compatibilityVersion = "Xcode 14.0";
			developmentRegion = en;
			hasScannedForEncodings = 0;
			knownRegions = (
				en,
				Base,
			);
			mainGroup = 6DAF3B2D29DC887F00CD9C96;
			packageReferences = (
				6D90A2F529E59ADD00BEDB07 /* XCRemoteSwiftPackageReference "firebase-ios-sdk" */,
				6DA5973A2A289CDA0057076C /* XCRemoteSwiftPackageReference "swift-protobuf" */,
			);
			productRefGroup = 6DAF3B3729DC887F00CD9C96 /* Products */;
			projectDirPath = "";
			projectRoot = "";
			targets = (
				6DAF3B3529DC887F00CD9C96 /* Welli-iOS */,
				6DAF3B4529DC888200CD9C96 /* Welli-iOSTests */,
				6DAF3B4F29DC888200CD9C96 /* Welli-iOSUITests */,
				6DAF3B5B29DC888200CD9C96 /* Welli-iOS Watch App */,
				6DAF3B6D29DC888300CD9C96 /* Welli-iOS Watch AppTests */,
				6DAF3B7729DC888300CD9C96 /* Welli-iOS Watch AppUITests */,
			);
		};
/* End PBXProject section */

/* Begin PBXResourcesBuildPhase section */
		6DAF3B3429DC887F00CD9C96 /* Resources */ = {
			isa = PBXResourcesBuildPhase;
			buildActionMask = 2147483647;
			files = (
				6DAF3B4129DC888200CD9C96 /* Preview Assets.xcassets in Resources */,
				6DAF3B3E29DC888200CD9C96 /* Assets.xcassets in Resources */,
				6D90A2FB29E59D5B00BEDB07 /* GoogleService-Info.plist in Resources */,
			);
			runOnlyForDeploymentPostprocessing = 0;
		};
		6DAF3B4429DC888200CD9C96 /* Resources */ = {
			isa = PBXResourcesBuildPhase;
			buildActionMask = 2147483647;
			files = (
			);
			runOnlyForDeploymentPostprocessing = 0;
		};
		6DAF3B4E29DC888200CD9C96 /* Resources */ = {
			isa = PBXResourcesBuildPhase;
			buildActionMask = 2147483647;
			files = (
			);
			runOnlyForDeploymentPostprocessing = 0;
		};
		6DAF3B5A29DC888200CD9C96 /* Resources */ = {
			isa = PBXResourcesBuildPhase;
			buildActionMask = 2147483647;
			files = (
				6DAF3B6929DC888200CD9C96 /* Preview Assets.xcassets in Resources */,
				6DAF3B6629DC888200CD9C96 /* Assets.xcassets in Resources */,
			);
			runOnlyForDeploymentPostprocessing = 0;
		};
		6DAF3B6C29DC888300CD9C96 /* Resources */ = {
			isa = PBXResourcesBuildPhase;
			buildActionMask = 2147483647;
			files = (
			);
			runOnlyForDeploymentPostprocessing = 0;
		};
		6DAF3B7629DC888300CD9C96 /* Resources */ = {
			isa = PBXResourcesBuildPhase;
			buildActionMask = 2147483647;
			files = (
			);
			runOnlyForDeploymentPostprocessing = 0;
		};
/* End PBXResourcesBuildPhase section */

/* Begin PBXSourcesBuildPhase section */
		6DAF3B3229DC887F00CD9C96 /* Sources */ = {
			isa = PBXSourcesBuildPhase;
			buildActionMask = 2147483647;
			files = (
				0197B7322A7041FB00993A56 /* ThresholdNotifier.swift in Sources */,
				0197B7302A703EBA00993A56 /* NotificationManager.swift in Sources */,
				6DC52F872A5D9D6000F2DB37 /* HeartRateDataManager.swift in Sources */,
				6DC52F832A5D9B7E00F2DB37 /* AppDelegate.swift in Sources */,
				6DAF3B3C29DC887F00CD9C96 /* ContentView.swift in Sources */,
				6DAF3B9B29DCAEB400CD9C96 /* WatchConnector.swift in Sources */,
				6DAF3B3A29DC887F00CD9C96 /* Welli_iOSApp.swift in Sources */,
			);
			runOnlyForDeploymentPostprocessing = 0;
		};
		6DAF3B4229DC888200CD9C96 /* Sources */ = {
			isa = PBXSourcesBuildPhase;
			buildActionMask = 2147483647;
			files = (
				6DAF3B4B29DC888200CD9C96 /* Welli_iOSTests.swift in Sources */,
			);
			runOnlyForDeploymentPostprocessing = 0;
		};
		6DAF3B4C29DC888200CD9C96 /* Sources */ = {
			isa = PBXSourcesBuildPhase;
			buildActionMask = 2147483647;
			files = (
				6DAF3B5729DC888200CD9C96 /* Welli_iOSUITestsLaunchTests.swift in Sources */,
				6DAF3B5529DC888200CD9C96 /* Welli_iOSUITests.swift in Sources */,
			);
			runOnlyForDeploymentPostprocessing = 0;
		};
		6DAF3B5829DC888200CD9C96 /* Sources */ = {
			isa = PBXSourcesBuildPhase;
			buildActionMask = 2147483647;
			files = (
				6D24D52329E5CE610033E211 /* ReadView.swift in Sources */,
				6D24D51D29E5CE390033E211 /* happyPictureView.swift in Sources */,
				6DC52F812A5CAFFD00F2DB37 /* ExtensionDelegate.swift in Sources */,
				6DAF3B6229DC888200CD9C96 /* Welli_iOSApp.swift in Sources */,
				6D24D4E729E5C0460033E211 /* mainMenuView.swift in Sources */,
				6D24D51F29E5CE490033E211 /* JournalView.swift in Sources */,
				6D24D52529E5CE760033E211 /* TalkView.swift in Sources */,
				6D24D52729E5CE7F0033E211 /* WalkView.swift in Sources */,
				6DC52F7F2A5CA79C00F2DB37 /* HeartRateMonitor.swift in Sources */,
				6D24D51529E5CC290033E211 /* deepBreathingView.swift in Sources */,
				6D24D51929E5CCDA0033E211 /* drinkView.swift in Sources */,
				6D24D52129E5CE570033E211 /* MusicView.swift in Sources */,
				6D24D4F229E5C1D10033E211 /* rewardsView.swift in Sources */,
				6D24D51B29E5CD300033E211 /* gameView.swift in Sources */,
				6D24D4F029E5C1D10033E211 /* interventionView.swift in Sources */,
				6D24D4EF29E5C1D10033E211 /* finishView.swift in Sources */,
				6D24D4EE29E5C1D10033E211 /* betterView.swift in Sources */,
				6D24D4F129E5C1D10033E211 /* WriteViewModel.swift in Sources */,
			);
			runOnlyForDeploymentPostprocessing = 0;
		};
		6DAF3B6A29DC888300CD9C96 /* Sources */ = {
			isa = PBXSourcesBuildPhase;
			buildActionMask = 2147483647;
			files = (
				6DAF3B7329DC888300CD9C96 /* Welli_iOS_Watch_AppTests.swift in Sources */,
			);
			runOnlyForDeploymentPostprocessing = 0;
		};
		6DAF3B7429DC888300CD9C96 /* Sources */ = {
			isa = PBXSourcesBuildPhase;
			buildActionMask = 2147483647;
			files = (
				6DAF3B7F29DC888300CD9C96 /* Welli_iOS_Watch_AppUITestsLaunchTests.swift in Sources */,
				6DAF3B7D29DC888300CD9C96 /* Welli_iOS_Watch_AppUITests.swift in Sources */,
			);
			runOnlyForDeploymentPostprocessing = 0;
		};
/* End PBXSourcesBuildPhase section */

/* Begin PBXTargetDependency section */
		6DAF3B4829DC888200CD9C96 /* PBXTargetDependency */ = {
			isa = PBXTargetDependency;
			target = 6DAF3B3529DC887F00CD9C96 /* Welli-iOS */;
			targetProxy = 6DAF3B4729DC888200CD9C96 /* PBXContainerItemProxy */;
		};
		6DAF3B5229DC888200CD9C96 /* PBXTargetDependency */ = {
			isa = PBXTargetDependency;
			target = 6DAF3B3529DC887F00CD9C96 /* Welli-iOS */;
			targetProxy = 6DAF3B5129DC888200CD9C96 /* PBXContainerItemProxy */;
		};
		6DAF3B5F29DC888200CD9C96 /* PBXTargetDependency */ = {
			isa = PBXTargetDependency;
			target = 6DAF3B5B29DC888200CD9C96 /* Welli-iOS Watch App */;
			targetProxy = 6DAF3B5E29DC888200CD9C96 /* PBXContainerItemProxy */;
		};
		6DAF3B7029DC888300CD9C96 /* PBXTargetDependency */ = {
			isa = PBXTargetDependency;
			target = 6DAF3B5B29DC888200CD9C96 /* Welli-iOS Watch App */;
			targetProxy = 6DAF3B6F29DC888300CD9C96 /* PBXContainerItemProxy */;
		};
		6DAF3B7A29DC888300CD9C96 /* PBXTargetDependency */ = {
			isa = PBXTargetDependency;
			target = 6DAF3B5B29DC888200CD9C96 /* Welli-iOS Watch App */;
			targetProxy = 6DAF3B7929DC888300CD9C96 /* PBXContainerItemProxy */;
		};
/* End PBXTargetDependency section */

/* Begin XCBuildConfiguration section */
		6DAF3B8029DC888300CD9C96 /* Debug */ = {
			isa = XCBuildConfiguration;
			buildSettings = {
				ALWAYS_SEARCH_USER_PATHS = NO;
				CLANG_ANALYZER_NONNULL = YES;
				CLANG_ANALYZER_NUMBER_OBJECT_CONVERSION = YES_AGGRESSIVE;
				CLANG_CXX_LANGUAGE_STANDARD = "gnu++20";
				CLANG_ENABLE_MODULES = YES;
				CLANG_ENABLE_OBJC_ARC = YES;
				CLANG_ENABLE_OBJC_WEAK = YES;
				CLANG_WARN_BLOCK_CAPTURE_AUTORELEASING = YES;
				CLANG_WARN_BOOL_CONVERSION = YES;
				CLANG_WARN_COMMA = YES;
				CLANG_WARN_CONSTANT_CONVERSION = YES;
				CLANG_WARN_DEPRECATED_OBJC_IMPLEMENTATIONS = YES;
				CLANG_WARN_DIRECT_OBJC_ISA_USAGE = YES_ERROR;
				CLANG_WARN_DOCUMENTATION_COMMENTS = YES;
				CLANG_WARN_EMPTY_BODY = YES;
				CLANG_WARN_ENUM_CONVERSION = YES;
				CLANG_WARN_INFINITE_RECURSION = YES;
				CLANG_WARN_INT_CONVERSION = YES;
				CLANG_WARN_NON_LITERAL_NULL_CONVERSION = YES;
				CLANG_WARN_OBJC_IMPLICIT_RETAIN_SELF = YES;
				CLANG_WARN_OBJC_LITERAL_CONVERSION = YES;
				CLANG_WARN_OBJC_ROOT_CLASS = YES_ERROR;
				CLANG_WARN_QUOTED_INCLUDE_IN_FRAMEWORK_HEADER = YES;
				CLANG_WARN_RANGE_LOOP_ANALYSIS = YES;
				CLANG_WARN_STRICT_PROTOTYPES = YES;
				CLANG_WARN_SUSPICIOUS_MOVE = YES;
				CLANG_WARN_UNGUARDED_AVAILABILITY = YES_AGGRESSIVE;
				CLANG_WARN_UNREACHABLE_CODE = YES;
				CLANG_WARN__DUPLICATE_METHOD_MATCH = YES;
				COPY_PHASE_STRIP = NO;
				DEBUG_INFORMATION_FORMAT = dwarf;
				ENABLE_STRICT_OBJC_MSGSEND = YES;
				ENABLE_TESTABILITY = YES;
				GCC_C_LANGUAGE_STANDARD = gnu11;
				GCC_DYNAMIC_NO_PIC = NO;
				GCC_NO_COMMON_BLOCKS = YES;
				GCC_OPTIMIZATION_LEVEL = 0;
				GCC_PREPROCESSOR_DEFINITIONS = (
					"DEBUG=1",
					"$(inherited)",
				);
				GCC_WARN_64_TO_32_BIT_CONVERSION = YES;
				GCC_WARN_ABOUT_RETURN_TYPE = YES_ERROR;
				GCC_WARN_UNDECLARED_SELECTOR = YES;
				GCC_WARN_UNINITIALIZED_AUTOS = YES_AGGRESSIVE;
				GCC_WARN_UNUSED_FUNCTION = YES;
				GCC_WARN_UNUSED_VARIABLE = YES;
				IPHONEOS_DEPLOYMENT_TARGET = 16.0;
				MTL_ENABLE_DEBUG_INFO = INCLUDE_SOURCE;
				MTL_FAST_MATH = YES;
				ONLY_ACTIVE_ARCH = YES;
				SWIFT_ACTIVE_COMPILATION_CONDITIONS = DEBUG;
				SWIFT_OPTIMIZATION_LEVEL = "-Onone";
				WATCHOS_DEPLOYMENT_TARGET = 9.0;
			};
			name = Debug;
		};
		6DAF3B8129DC888300CD9C96 /* Release */ = {
			isa = XCBuildConfiguration;
			buildSettings = {
				ALWAYS_SEARCH_USER_PATHS = NO;
				CLANG_ANALYZER_NONNULL = YES;
				CLANG_ANALYZER_NUMBER_OBJECT_CONVERSION = YES_AGGRESSIVE;
				CLANG_CXX_LANGUAGE_STANDARD = "gnu++20";
				CLANG_ENABLE_MODULES = YES;
				CLANG_ENABLE_OBJC_ARC = YES;
				CLANG_ENABLE_OBJC_WEAK = YES;
				CLANG_WARN_BLOCK_CAPTURE_AUTORELEASING = YES;
				CLANG_WARN_BOOL_CONVERSION = YES;
				CLANG_WARN_COMMA = YES;
				CLANG_WARN_CONSTANT_CONVERSION = YES;
				CLANG_WARN_DEPRECATED_OBJC_IMPLEMENTATIONS = YES;
				CLANG_WARN_DIRECT_OBJC_ISA_USAGE = YES_ERROR;
				CLANG_WARN_DOCUMENTATION_COMMENTS = YES;
				CLANG_WARN_EMPTY_BODY = YES;
				CLANG_WARN_ENUM_CONVERSION = YES;
				CLANG_WARN_INFINITE_RECURSION = YES;
				CLANG_WARN_INT_CONVERSION = YES;
				CLANG_WARN_NON_LITERAL_NULL_CONVERSION = YES;
				CLANG_WARN_OBJC_IMPLICIT_RETAIN_SELF = YES;
				CLANG_WARN_OBJC_LITERAL_CONVERSION = YES;
				CLANG_WARN_OBJC_ROOT_CLASS = YES_ERROR;
				CLANG_WARN_QUOTED_INCLUDE_IN_FRAMEWORK_HEADER = YES;
				CLANG_WARN_RANGE_LOOP_ANALYSIS = YES;
				CLANG_WARN_STRICT_PROTOTYPES = YES;
				CLANG_WARN_SUSPICIOUS_MOVE = YES;
				CLANG_WARN_UNGUARDED_AVAILABILITY = YES_AGGRESSIVE;
				CLANG_WARN_UNREACHABLE_CODE = YES;
				CLANG_WARN__DUPLICATE_METHOD_MATCH = YES;
				COPY_PHASE_STRIP = NO;
				DEBUG_INFORMATION_FORMAT = "dwarf-with-dsym";
				ENABLE_NS_ASSERTIONS = NO;
				ENABLE_STRICT_OBJC_MSGSEND = YES;
				GCC_C_LANGUAGE_STANDARD = gnu11;
				GCC_NO_COMMON_BLOCKS = YES;
				GCC_WARN_64_TO_32_BIT_CONVERSION = YES;
				GCC_WARN_ABOUT_RETURN_TYPE = YES_ERROR;
				GCC_WARN_UNDECLARED_SELECTOR = YES;
				GCC_WARN_UNINITIALIZED_AUTOS = YES_AGGRESSIVE;
				GCC_WARN_UNUSED_FUNCTION = YES;
				GCC_WARN_UNUSED_VARIABLE = YES;
				IPHONEOS_DEPLOYMENT_TARGET = 16.0;
				MTL_ENABLE_DEBUG_INFO = NO;
				MTL_FAST_MATH = YES;
				SWIFT_COMPILATION_MODE = wholemodule;
				SWIFT_OPTIMIZATION_LEVEL = "-O";
				WATCHOS_DEPLOYMENT_TARGET = 9.0;
			};
			name = Release;
		};
		6DAF3B8329DC888300CD9C96 /* Debug */ = {
			isa = XCBuildConfiguration;
			buildSettings = {
				ASSETCATALOG_COMPILER_APPICON_NAME = AppIcon;
				ASSETCATALOG_COMPILER_GLOBAL_ACCENT_COLOR_NAME = AccentColor;
				CODE_SIGN_ENTITLEMENTS = "Welli-iOS Watch App/Welli-iOS Watch App.entitlements";
				CODE_SIGN_STYLE = Automatic;
				CURRENT_PROJECT_VERSION = 1;
				DEVELOPMENT_ASSET_PATHS = "\"Welli-iOS Watch App/Preview Content\"";
				DEVELOPMENT_TEAM = 969BSA77M2;
				ENABLE_PREVIEWS = YES;
				GENERATE_INFOPLIST_FILE = YES;
				INFOPLIST_FILE = "Welli-iOS-Watch-App-Info.plist";
				INFOPLIST_KEY_CFBundleDisplayName = "Welli-iOS";
				INFOPLIST_KEY_NSHealthShareUsageDescription = "Requesting permission to share heart rate usage";
				INFOPLIST_KEY_NSHealthUpdateUsageDescription = "Requesting permission to update heart rate";
				INFOPLIST_KEY_UIApplicationSceneManifest_Generation = YES;
				INFOPLIST_KEY_UISupportedInterfaceOrientations = "UIInterfaceOrientationPortrait UIInterfaceOrientationPortraitUpsideDown";
				INFOPLIST_KEY_WKCompanionAppBundleIdentifier = "edu.gmu.Welli-iOS";
				LD_RUNPATH_SEARCH_PATHS = (
					"$(inherited)",
					"@executable_path/Frameworks",
				);
				MARKETING_VERSION = 1.0;
				PRODUCT_BUNDLE_IDENTIFIER = "edu.gmu.Welli-iOS.watchkitapp";
				PRODUCT_NAME = "$(TARGET_NAME)";
				SDKROOT = watchos;
				SKIP_INSTALL = YES;
				SWIFT_EMIT_LOC_STRINGS = YES;
				SWIFT_VERSION = 5.0;
				TARGETED_DEVICE_FAMILY = 4;
				WATCHOS_DEPLOYMENT_TARGET = 9.0;
			};
			name = Debug;
		};
		6DAF3B8429DC888300CD9C96 /* Release */ = {
			isa = XCBuildConfiguration;
			buildSettings = {
				ASSETCATALOG_COMPILER_APPICON_NAME = AppIcon;
				ASSETCATALOG_COMPILER_GLOBAL_ACCENT_COLOR_NAME = AccentColor;
				CODE_SIGN_ENTITLEMENTS = "Welli-iOS Watch App/Welli-iOS Watch App.entitlements";
				CODE_SIGN_STYLE = Automatic;
				CURRENT_PROJECT_VERSION = 1;
				DEVELOPMENT_ASSET_PATHS = "\"Welli-iOS Watch App/Preview Content\"";
				DEVELOPMENT_TEAM = 969BSA77M2;
				ENABLE_PREVIEWS = YES;
				GENERATE_INFOPLIST_FILE = YES;
				INFOPLIST_FILE = "Welli-iOS-Watch-App-Info.plist";
				INFOPLIST_KEY_CFBundleDisplayName = "Welli-iOS";
				INFOPLIST_KEY_NSHealthShareUsageDescription = "Requesting permission to share heart rate usage";
				INFOPLIST_KEY_NSHealthUpdateUsageDescription = "Requesting permission to update heart rate";
				INFOPLIST_KEY_UIApplicationSceneManifest_Generation = YES;
				INFOPLIST_KEY_UISupportedInterfaceOrientations = "UIInterfaceOrientationPortrait UIInterfaceOrientationPortraitUpsideDown";
				INFOPLIST_KEY_WKCompanionAppBundleIdentifier = "edu.gmu.Welli-iOS";
				LD_RUNPATH_SEARCH_PATHS = (
					"$(inherited)",
					"@executable_path/Frameworks",
				);
				MARKETING_VERSION = 1.0;
				PRODUCT_BUNDLE_IDENTIFIER = "edu.gmu.Welli-iOS.watchkitapp";
				PRODUCT_NAME = "$(TARGET_NAME)";
				SDKROOT = watchos;
				SKIP_INSTALL = YES;
				SWIFT_EMIT_LOC_STRINGS = YES;
				SWIFT_VERSION = 5.0;
				TARGETED_DEVICE_FAMILY = 4;
				VALIDATE_PRODUCT = YES;
				WATCHOS_DEPLOYMENT_TARGET = 9.0;
			};
			name = Release;
		};
		6DAF3B8729DC888300CD9C96 /* Debug */ = {
			isa = XCBuildConfiguration;
			buildSettings = {
				ALWAYS_EMBED_SWIFT_STANDARD_LIBRARIES = YES;
				ASSETCATALOG_COMPILER_APPICON_NAME = AppIcon;
				ASSETCATALOG_COMPILER_GLOBAL_ACCENT_COLOR_NAME = AccentColor;
				CODE_SIGN_ENTITLEMENTS = "Welli-iOS/Welli-iOS.entitlements";
				CODE_SIGN_IDENTITY = "Apple Development";
				CODE_SIGN_STYLE = Automatic;
				CURRENT_PROJECT_VERSION = 1;
				DEVELOPMENT_ASSET_PATHS = "\"Welli-iOS/Preview Content\"";
				DEVELOPMENT_TEAM = 77JGXNAM7B;
				ENABLE_PREVIEWS = YES;
				GENERATE_INFOPLIST_FILE = YES;
				INFOPLIST_FILE = "Welli-iOS/Info.plist";
				INFOPLIST_KEY_CFBundleDisplayName = "Welli-iOS";
				INFOPLIST_KEY_LSApplicationCategoryType = "";
				INFOPLIST_KEY_NSHealthShareUsageDescription = "Permission to share health info";
				INFOPLIST_KEY_NSHealthUpdateUsageDescription = "Permission to update health info";
				INFOPLIST_KEY_UIApplicationSceneManifest_Generation = YES;
				INFOPLIST_KEY_UIApplicationSupportsIndirectInputEvents = YES;
				INFOPLIST_KEY_UILaunchScreen_Generation = YES;
				INFOPLIST_KEY_UISupportedInterfaceOrientations_iPad = "UIInterfaceOrientationPortrait UIInterfaceOrientationPortraitUpsideDown UIInterfaceOrientationLandscapeLeft UIInterfaceOrientationLandscapeRight";
				INFOPLIST_KEY_UISupportedInterfaceOrientations_iPhone = "UIInterfaceOrientationPortrait UIInterfaceOrientationLandscapeLeft UIInterfaceOrientationLandscapeRight";
				IPHONEOS_DEPLOYMENT_TARGET = 16.0;
				LD_RUNPATH_SEARCH_PATHS = (
					"$(inherited)",
					"@executable_path/Frameworks",
				);
				MARKETING_VERSION = 1.0;
				PRODUCT_BUNDLE_IDENTIFIER = "edu.gmu.Welli-iOS";
				PRODUCT_NAME = "$(TARGET_NAME)";
				PROVISIONING_PROFILE_SPECIFIER = "";
				SDKROOT = iphoneos;
				SWIFT_EMIT_LOC_STRINGS = YES;
				SWIFT_VERSION = 5.0;
				TARGETED_DEVICE_FAMILY = "1,2";
			};
			name = Debug;
		};
		6DAF3B8829DC888300CD9C96 /* Release */ = {
			isa = XCBuildConfiguration;
			buildSettings = {
				ALWAYS_EMBED_SWIFT_STANDARD_LIBRARIES = YES;
				ASSETCATALOG_COMPILER_APPICON_NAME = AppIcon;
				ASSETCATALOG_COMPILER_GLOBAL_ACCENT_COLOR_NAME = AccentColor;
				CODE_SIGN_ENTITLEMENTS = "Welli-iOS/Welli-iOS.entitlements";
				CODE_SIGN_IDENTITY = "Apple Development";
				CODE_SIGN_STYLE = Automatic;
				CURRENT_PROJECT_VERSION = 1;
				DEVELOPMENT_ASSET_PATHS = "\"Welli-iOS/Preview Content\"";
				DEVELOPMENT_TEAM = 77JGXNAM7B;
				ENABLE_PREVIEWS = YES;
				GENERATE_INFOPLIST_FILE = YES;
				INFOPLIST_FILE = "Welli-iOS/Info.plist";
				INFOPLIST_KEY_CFBundleDisplayName = "Welli-iOS";
				INFOPLIST_KEY_LSApplicationCategoryType = "";
				INFOPLIST_KEY_NSHealthShareUsageDescription = "Permission to share health info";
				INFOPLIST_KEY_NSHealthUpdateUsageDescription = "Permission to update health info";
				INFOPLIST_KEY_UIApplicationSceneManifest_Generation = YES;
				INFOPLIST_KEY_UIApplicationSupportsIndirectInputEvents = YES;
				INFOPLIST_KEY_UILaunchScreen_Generation = YES;
				INFOPLIST_KEY_UISupportedInterfaceOrientations_iPad = "UIInterfaceOrientationPortrait UIInterfaceOrientationPortraitUpsideDown UIInterfaceOrientationLandscapeLeft UIInterfaceOrientationLandscapeRight";
				INFOPLIST_KEY_UISupportedInterfaceOrientations_iPhone = "UIInterfaceOrientationPortrait UIInterfaceOrientationLandscapeLeft UIInterfaceOrientationLandscapeRight";
				IPHONEOS_DEPLOYMENT_TARGET = 16.0;
				LD_RUNPATH_SEARCH_PATHS = (
					"$(inherited)",
					"@executable_path/Frameworks",
				);
				MARKETING_VERSION = 1.0;
				PRODUCT_BUNDLE_IDENTIFIER = "edu.gmu.Welli-iOS";
				PRODUCT_NAME = "$(TARGET_NAME)";
				PROVISIONING_PROFILE_SPECIFIER = "";
				SDKROOT = iphoneos;
				SWIFT_EMIT_LOC_STRINGS = YES;
				SWIFT_VERSION = 5.0;
				TARGETED_DEVICE_FAMILY = "1,2";
				VALIDATE_PRODUCT = YES;
			};
			name = Release;
		};
		6DAF3B8A29DC888300CD9C96 /* Debug */ = {
			isa = XCBuildConfiguration;
			buildSettings = {
				ALWAYS_EMBED_SWIFT_STANDARD_LIBRARIES = YES;
				BUNDLE_LOADER = "$(TEST_HOST)";
				CODE_SIGN_STYLE = Automatic;
				CURRENT_PROJECT_VERSION = 1;
				DEVELOPMENT_TEAM = 969BSA77M2;
				GENERATE_INFOPLIST_FILE = YES;
				IPHONEOS_DEPLOYMENT_TARGET = 16.2;
				MARKETING_VERSION = 1.0;
				PRODUCT_BUNDLE_IDENTIFIER = "edu.gmu.Welli-iOSTests";
				PRODUCT_NAME = "$(TARGET_NAME)";
				SDKROOT = iphoneos;
				SWIFT_EMIT_LOC_STRINGS = NO;
				SWIFT_VERSION = 5.0;
				TARGETED_DEVICE_FAMILY = "1,2";
				TEST_HOST = "$(BUILT_PRODUCTS_DIR)/Welli-iOS.app/$(BUNDLE_EXECUTABLE_FOLDER_PATH)/Welli-iOS";
			};
			name = Debug;
		};
		6DAF3B8B29DC888300CD9C96 /* Release */ = {
			isa = XCBuildConfiguration;
			buildSettings = {
				ALWAYS_EMBED_SWIFT_STANDARD_LIBRARIES = YES;
				BUNDLE_LOADER = "$(TEST_HOST)";
				CODE_SIGN_STYLE = Automatic;
				CURRENT_PROJECT_VERSION = 1;
				DEVELOPMENT_TEAM = 969BSA77M2;
				GENERATE_INFOPLIST_FILE = YES;
				IPHONEOS_DEPLOYMENT_TARGET = 16.2;
				MARKETING_VERSION = 1.0;
				PRODUCT_BUNDLE_IDENTIFIER = "edu.gmu.Welli-iOSTests";
				PRODUCT_NAME = "$(TARGET_NAME)";
				SDKROOT = iphoneos;
				SWIFT_EMIT_LOC_STRINGS = NO;
				SWIFT_VERSION = 5.0;
				TARGETED_DEVICE_FAMILY = "1,2";
				TEST_HOST = "$(BUILT_PRODUCTS_DIR)/Welli-iOS.app/$(BUNDLE_EXECUTABLE_FOLDER_PATH)/Welli-iOS";
				VALIDATE_PRODUCT = YES;
			};
			name = Release;
		};
		6DAF3B8D29DC888300CD9C96 /* Debug */ = {
			isa = XCBuildConfiguration;
			buildSettings = {
				ALWAYS_EMBED_SWIFT_STANDARD_LIBRARIES = YES;
				CODE_SIGN_STYLE = Automatic;
				CURRENT_PROJECT_VERSION = 1;
				DEVELOPMENT_TEAM = 969BSA77M2;
				GENERATE_INFOPLIST_FILE = YES;
				IPHONEOS_DEPLOYMENT_TARGET = 16.2;
				MARKETING_VERSION = 1.0;
				PRODUCT_BUNDLE_IDENTIFIER = "edu.gmu.Welli-iOSUITests";
				PRODUCT_NAME = "$(TARGET_NAME)";
				SDKROOT = iphoneos;
				SWIFT_EMIT_LOC_STRINGS = NO;
				SWIFT_VERSION = 5.0;
				TARGETED_DEVICE_FAMILY = "1,2";
				TEST_TARGET_NAME = "Welli-iOS";
			};
			name = Debug;
		};
		6DAF3B8E29DC888300CD9C96 /* Release */ = {
			isa = XCBuildConfiguration;
			buildSettings = {
				ALWAYS_EMBED_SWIFT_STANDARD_LIBRARIES = YES;
				CODE_SIGN_STYLE = Automatic;
				CURRENT_PROJECT_VERSION = 1;
				DEVELOPMENT_TEAM = 969BSA77M2;
				GENERATE_INFOPLIST_FILE = YES;
				IPHONEOS_DEPLOYMENT_TARGET = 16.2;
				MARKETING_VERSION = 1.0;
				PRODUCT_BUNDLE_IDENTIFIER = "edu.gmu.Welli-iOSUITests";
				PRODUCT_NAME = "$(TARGET_NAME)";
				SDKROOT = iphoneos;
				SWIFT_EMIT_LOC_STRINGS = NO;
				SWIFT_VERSION = 5.0;
				TARGETED_DEVICE_FAMILY = "1,2";
				TEST_TARGET_NAME = "Welli-iOS";
				VALIDATE_PRODUCT = YES;
			};
			name = Release;
		};
		6DAF3B9029DC888300CD9C96 /* Debug */ = {
			isa = XCBuildConfiguration;
			buildSettings = {
				ALWAYS_EMBED_SWIFT_STANDARD_LIBRARIES = YES;
				BUNDLE_LOADER = "$(TEST_HOST)";
				CODE_SIGN_STYLE = Automatic;
				CURRENT_PROJECT_VERSION = 1;
				DEVELOPMENT_TEAM = 969BSA77M2;
				GENERATE_INFOPLIST_FILE = YES;
				MARKETING_VERSION = 1.0;
				PRODUCT_BUNDLE_IDENTIFIER = "edu.gmu.Welli-iOS-Watch-AppTests";
				PRODUCT_NAME = "$(TARGET_NAME)";
				SDKROOT = watchos;
				SWIFT_EMIT_LOC_STRINGS = NO;
				SWIFT_VERSION = 5.0;
				TARGETED_DEVICE_FAMILY = 4;
				TEST_HOST = "$(BUILT_PRODUCTS_DIR)/Welli-iOS Watch App.app/$(BUNDLE_EXECUTABLE_FOLDER_PATH)/Welli-iOS Watch App";
				WATCHOS_DEPLOYMENT_TARGET = 9.1;
			};
			name = Debug;
		};
		6DAF3B9129DC888300CD9C96 /* Release */ = {
			isa = XCBuildConfiguration;
			buildSettings = {
				ALWAYS_EMBED_SWIFT_STANDARD_LIBRARIES = YES;
				BUNDLE_LOADER = "$(TEST_HOST)";
				CODE_SIGN_STYLE = Automatic;
				CURRENT_PROJECT_VERSION = 1;
				DEVELOPMENT_TEAM = 969BSA77M2;
				GENERATE_INFOPLIST_FILE = YES;
				MARKETING_VERSION = 1.0;
				PRODUCT_BUNDLE_IDENTIFIER = "edu.gmu.Welli-iOS-Watch-AppTests";
				PRODUCT_NAME = "$(TARGET_NAME)";
				SDKROOT = watchos;
				SWIFT_EMIT_LOC_STRINGS = NO;
				SWIFT_VERSION = 5.0;
				TARGETED_DEVICE_FAMILY = 4;
				TEST_HOST = "$(BUILT_PRODUCTS_DIR)/Welli-iOS Watch App.app/$(BUNDLE_EXECUTABLE_FOLDER_PATH)/Welli-iOS Watch App";
				VALIDATE_PRODUCT = YES;
				WATCHOS_DEPLOYMENT_TARGET = 9.1;
			};
			name = Release;
		};
		6DAF3B9329DC888300CD9C96 /* Debug */ = {
			isa = XCBuildConfiguration;
			buildSettings = {
				ALWAYS_EMBED_SWIFT_STANDARD_LIBRARIES = YES;
				CODE_SIGN_STYLE = Automatic;
				CURRENT_PROJECT_VERSION = 1;
				DEVELOPMENT_TEAM = 969BSA77M2;
				GENERATE_INFOPLIST_FILE = YES;
				MARKETING_VERSION = 1.0;
				PRODUCT_BUNDLE_IDENTIFIER = "edu.gmu.Welli-iOS-Watch-AppUITests";
				PRODUCT_NAME = "$(TARGET_NAME)";
				SDKROOT = watchos;
				SWIFT_EMIT_LOC_STRINGS = NO;
				SWIFT_VERSION = 5.0;
				TARGETED_DEVICE_FAMILY = 4;
				TEST_TARGET_NAME = "Welli-iOS Watch App";
				WATCHOS_DEPLOYMENT_TARGET = 9.1;
			};
			name = Debug;
		};
		6DAF3B9429DC888300CD9C96 /* Release */ = {
			isa = XCBuildConfiguration;
			buildSettings = {
				ALWAYS_EMBED_SWIFT_STANDARD_LIBRARIES = YES;
				CODE_SIGN_STYLE = Automatic;
				CURRENT_PROJECT_VERSION = 1;
				DEVELOPMENT_TEAM = 969BSA77M2;
				GENERATE_INFOPLIST_FILE = YES;
				MARKETING_VERSION = 1.0;
				PRODUCT_BUNDLE_IDENTIFIER = "edu.gmu.Welli-iOS-Watch-AppUITests";
				PRODUCT_NAME = "$(TARGET_NAME)";
				SDKROOT = watchos;
				SWIFT_EMIT_LOC_STRINGS = NO;
				SWIFT_VERSION = 5.0;
				TARGETED_DEVICE_FAMILY = 4;
				TEST_TARGET_NAME = "Welli-iOS Watch App";
				VALIDATE_PRODUCT = YES;
				WATCHOS_DEPLOYMENT_TARGET = 9.1;
			};
			name = Release;
		};
/* End XCBuildConfiguration section */

/* Begin XCConfigurationList section */
		6DAF3B3129DC887F00CD9C96 /* Build configuration list for PBXProject "Welli-iOS" */ = {
			isa = XCConfigurationList;
			buildConfigurations = (
				6DAF3B8029DC888300CD9C96 /* Debug */,
				6DAF3B8129DC888300CD9C96 /* Release */,
			);
			defaultConfigurationIsVisible = 0;
			defaultConfigurationName = Release;
		};
		6DAF3B8229DC888300CD9C96 /* Build configuration list for PBXNativeTarget "Welli-iOS Watch App" */ = {
			isa = XCConfigurationList;
			buildConfigurations = (
				6DAF3B8329DC888300CD9C96 /* Debug */,
				6DAF3B8429DC888300CD9C96 /* Release */,
			);
			defaultConfigurationIsVisible = 0;
			defaultConfigurationName = Release;
		};
		6DAF3B8629DC888300CD9C96 /* Build configuration list for PBXNativeTarget "Welli-iOS" */ = {
			isa = XCConfigurationList;
			buildConfigurations = (
				6DAF3B8729DC888300CD9C96 /* Debug */,
				6DAF3B8829DC888300CD9C96 /* Release */,
			);
			defaultConfigurationIsVisible = 0;
			defaultConfigurationName = Release;
		};
		6DAF3B8929DC888300CD9C96 /* Build configuration list for PBXNativeTarget "Welli-iOSTests" */ = {
			isa = XCConfigurationList;
			buildConfigurations = (
				6DAF3B8A29DC888300CD9C96 /* Debug */,
				6DAF3B8B29DC888300CD9C96 /* Release */,
			);
			defaultConfigurationIsVisible = 0;
			defaultConfigurationName = Release;
		};
		6DAF3B8C29DC888300CD9C96 /* Build configuration list for PBXNativeTarget "Welli-iOSUITests" */ = {
			isa = XCConfigurationList;
			buildConfigurations = (
				6DAF3B8D29DC888300CD9C96 /* Debug */,
				6DAF3B8E29DC888300CD9C96 /* Release */,
			);
			defaultConfigurationIsVisible = 0;
			defaultConfigurationName = Release;
		};
		6DAF3B8F29DC888300CD9C96 /* Build configuration list for PBXNativeTarget "Welli-iOS Watch AppTests" */ = {
			isa = XCConfigurationList;
			buildConfigurations = (
				6DAF3B9029DC888300CD9C96 /* Debug */,
				6DAF3B9129DC888300CD9C96 /* Release */,
			);
			defaultConfigurationIsVisible = 0;
			defaultConfigurationName = Release;
		};
		6DAF3B9229DC888300CD9C96 /* Build configuration list for PBXNativeTarget "Welli-iOS Watch AppUITests" */ = {
			isa = XCConfigurationList;
			buildConfigurations = (
				6DAF3B9329DC888300CD9C96 /* Debug */,
				6DAF3B9429DC888300CD9C96 /* Release */,
			);
			defaultConfigurationIsVisible = 0;
			defaultConfigurationName = Release;
		};
/* End XCConfigurationList section */

/* Begin XCRemoteSwiftPackageReference section */
		6D90A2F529E59ADD00BEDB07 /* XCRemoteSwiftPackageReference "firebase-ios-sdk" */ = {
			isa = XCRemoteSwiftPackageReference;
			repositoryURL = "https://github.com/firebase/firebase-ios-sdk";
			requirement = {
				kind = upToNextMajorVersion;
				minimumVersion = 9.0.0;
			};
		};
		6DA5973A2A289CDA0057076C /* XCRemoteSwiftPackageReference "swift-protobuf" */ = {
			isa = XCRemoteSwiftPackageReference;
			repositoryURL = "https://github.com/apple/swift-protobuf.git";
			requirement = {
				kind = upToNextMajorVersion;
				minimumVersion = 1.0.0;
			};
		};
/* End XCRemoteSwiftPackageReference section */

/* Begin XCSwiftPackageProductDependency section */
		6D90A2F629E59ADD00BEDB07 /* FirebaseDatabase */ = {
			isa = XCSwiftPackageProductDependency;
			package = 6D90A2F529E59ADD00BEDB07 /* XCRemoteSwiftPackageReference "firebase-ios-sdk" */;
			productName = FirebaseDatabase;
		};
		6D90A2F829E59ADD00BEDB07 /* FirebaseDatabaseSwift */ = {
			isa = XCSwiftPackageProductDependency;
			package = 6D90A2F529E59ADD00BEDB07 /* XCRemoteSwiftPackageReference "firebase-ios-sdk" */;
			productName = FirebaseDatabaseSwift;
		};
/* End XCSwiftPackageProductDependency section */
	};
	rootObject = 6DAF3B2E29DC887F00CD9C96 /* Project object */;
}
